
Microsoft Visual Studio Solution File, Format Version 12.00
# Visual Studio 15
VisualStudioVersion = 15.0.28307.421
MinimumVisualStudioVersion = 10.0.40219.1
Project("{FAE04EC0-301F-11D3-BF4B-00C04F79EFBC}") = "SortAdd", "SortAdd\SortAdd.csproj", "{FCBCEA37-A73B-4219-AE4C-41707A7EBE97}"
EndProject
Global
	GlobalSection(SolutionConfigurationPlatforms) = preSolution
		Debug|Any CPU = Debug|Any CPU
		Release|Any CPU = Release|Any CPU
	EndGlobalSection
	GlobalSection(ProjectConfigurationPlatforms) = postSolution
		{FCBCEA37-A73B-4219-AE4C-41707A7EBE97}.Debug|Any CPU.ActiveCfg = Debug|Any CPU
		{FCBCEA37-A73B-4219-AE4C-41707A7EBE97}.Debug|Any CPU.Build.0 = Debug|Any CPU
		{FCBCEA37-A73B-4219-AE4C-41707A7EBE97}.Release|Any CPU.ActiveCfg = Release|Any CPU
		{FCBCEA37-A73B-4219-AE4C-41707A7EBE97}.Release|Any CPU.Build.0 = Release|Any CPU
	EndGlobalSection
	GlobalSection(SolutionProperties) = preSolution
		HideSolutionNode = FALSE
	EndGlobalSection
	GlobalSection(ExtensibilityGlobals) = postSolution
		SolutionGuid = {98604679-679C-4938-BCD1-2D982D6546E4}
	EndGlobalSection
EndGlobal
